
Microsoft Visual Studio Solution File, Format Version 12.00
Project("{FAE04EC0-301F-11D3-BF4B-00C04F79EFBC}") = "FamilyWallet.Api", "FamilyWallet.Api\FamilyWallet.Api.csproj", "{76DFCF79-CFEC-4868-BEE9-C5252CCD72FC}"
EndProject
Project("{FAE04EC0-301F-11D3-BF4B-00C04F79EFBC}") = "Domain.Entities", "Domain.Entities\Domain.Entities.csproj", "{D909F755-8B3D-4974-9A18-8ED3F5874EE0}"
EndProject
Project("{FAE04EC0-301F-11D3-BF4B-00C04F79EFBC}") = "FamilyWallet.UnitTests", "FamilyWallet.UnitTests\FamilyWallet.UnitTests.csproj", "{C80F3BDA-41EF-4AE1-9589-229418E8362F}"
EndProject
Project("{2150E333-8FDC-42A3-9474-1A3956D46DE8}") = "Host", "Host", "{86FAB37C-E942-456C-9942-3914BC7773D2}"
EndProject
Project("{2150E333-8FDC-42A3-9474-1A3956D46DE8}") = "Domain", "Domain", "{FA8B403E-30A9-4013-8539-417432605AF9}"
EndProject
Project("{FAE04EC0-301F-11D3-BF4B-00C04F79EFBC}") = "Domain.EntityFramework", "Domain.EntityFramework\Domain.EntityFramework.csproj", "{A49C1C1B-EEC5-4220-B15D-A99D1B7D2E01}"
EndProject
Project("{2150E333-8FDC-42A3-9474-1A3956D46DE8}") = "Tests", "Tests", "{4EB95D29-77B7-4245-A7F8-617E7CC6DF38}"
EndProject
Project("{FAE04EC0-301F-11D3-BF4B-00C04F79EFBC}") = "Domain.Repository", "Domain.Repository\Domain.Repository.csproj", "{FEF3A46B-E467-478D-9AE0-7B4324C43303}"
EndProject
Project("{2150E333-8FDC-42A3-9474-1A3956D46DE8}") = "Services", "Services", "{20F16643-1E54-432C-B755-A1D6760905D0}"
EndProject
Project("{FAE04EC0-301F-11D3-BF4B-00C04F79EFBC}") = "Services.Implementations", "Services.Implementations\Services.Implementations.csproj", "{78677536-7165-479A-85A3-F01271075C9B}"
EndProject
Project("{FAE04EC0-301F-11D3-BF4B-00C04F79EFBC}") = "Services.Abstractions", "Services.Abstractions\Services.Abstractions.csproj", "{CDE6A9C1-F48C-4378-ABA3-E152E276EB8B}"
EndProject
Global
	GlobalSection(SolutionConfigurationPlatforms) = preSolution
		Debug|Any CPU = Debug|Any CPU
		Release|Any CPU = Release|Any CPU
	EndGlobalSection
	GlobalSection(ProjectConfigurationPlatforms) = postSolution
		{76DFCF79-CFEC-4868-BEE9-C5252CCD72FC}.Debug|Any CPU.ActiveCfg = Debug|Any CPU
		{76DFCF79-CFEC-4868-BEE9-C5252CCD72FC}.Debug|Any CPU.Build.0 = Debug|Any CPU
		{76DFCF79-CFEC-4868-BEE9-C5252CCD72FC}.Release|Any CPU.ActiveCfg = Release|Any CPU
		{76DFCF79-CFEC-4868-BEE9-C5252CCD72FC}.Release|Any CPU.Build.0 = Release|Any CPU
		{D909F755-8B3D-4974-9A18-8ED3F5874EE0}.Debug|Any CPU.ActiveCfg = Debug|Any CPU
		{D909F755-8B3D-4974-9A18-8ED3F5874EE0}.Debug|Any CPU.Build.0 = Debug|Any CPU
		{D909F755-8B3D-4974-9A18-8ED3F5874EE0}.Release|Any CPU.ActiveCfg = Release|Any CPU
		{D909F755-8B3D-4974-9A18-8ED3F5874EE0}.Release|Any CPU.Build.0 = Release|Any CPU
		{C80F3BDA-41EF-4AE1-9589-229418E8362F}.Debug|Any CPU.ActiveCfg = Debug|Any CPU
		{C80F3BDA-41EF-4AE1-9589-229418E8362F}.Debug|Any CPU.Build.0 = Debug|Any CPU
		{C80F3BDA-41EF-4AE1-9589-229418E8362F}.Release|Any CPU.ActiveCfg = Release|Any CPU
		{C80F3BDA-41EF-4AE1-9589-229418E8362F}.Release|Any CPU.Build.0 = Release|Any CPU
		{A49C1C1B-EEC5-4220-B15D-A99D1B7D2E01}.Debug|Any CPU.ActiveCfg = Debug|Any CPU
		{A49C1C1B-EEC5-4220-B15D-A99D1B7D2E01}.Debug|Any CPU.Build.0 = Debug|Any CPU
		{A49C1C1B-EEC5-4220-B15D-A99D1B7D2E01}.Release|Any CPU.ActiveCfg = Release|Any CPU
		{A49C1C1B-EEC5-4220-B15D-A99D1B7D2E01}.Release|Any CPU.Build.0 = Release|Any CPU
		{FEF3A46B-E467-478D-9AE0-7B4324C43303}.Debug|Any CPU.ActiveCfg = Debug|Any CPU
		{FEF3A46B-E467-478D-9AE0-7B4324C43303}.Debug|Any CPU.Build.0 = Debug|Any CPU
		{FEF3A46B-E467-478D-9AE0-7B4324C43303}.Release|Any CPU.ActiveCfg = Release|Any CPU
		{FEF3A46B-E467-478D-9AE0-7B4324C43303}.Release|Any CPU.Build.0 = Release|Any CPU
		{78677536-7165-479A-85A3-F01271075C9B}.Debug|Any CPU.ActiveCfg = Debug|Any CPU
		{78677536-7165-479A-85A3-F01271075C9B}.Debug|Any CPU.Build.0 = Debug|Any CPU
		{78677536-7165-479A-85A3-F01271075C9B}.Release|Any CPU.ActiveCfg = Release|Any CPU
		{78677536-7165-479A-85A3-F01271075C9B}.Release|Any CPU.Build.0 = Release|Any CPU
		{CDE6A9C1-F48C-4378-ABA3-E152E276EB8B}.Debug|Any CPU.ActiveCfg = Debug|Any CPU
		{CDE6A9C1-F48C-4378-ABA3-E152E276EB8B}.Debug|Any CPU.Build.0 = Debug|Any CPU
		{CDE6A9C1-F48C-4378-ABA3-E152E276EB8B}.Release|Any CPU.ActiveCfg = Release|Any CPU
		{CDE6A9C1-F48C-4378-ABA3-E152E276EB8B}.Release|Any CPU.Build.0 = Release|Any CPU
	EndGlobalSection
	GlobalSection(NestedProjects) = preSolution
		{76DFCF79-CFEC-4868-BEE9-C5252CCD72FC} = {86FAB37C-E942-456C-9942-3914BC7773D2}
		{D909F755-8B3D-4974-9A18-8ED3F5874EE0} = {FA8B403E-30A9-4013-8539-417432605AF9}
		{A49C1C1B-EEC5-4220-B15D-A99D1B7D2E01} = {FA8B403E-30A9-4013-8539-417432605AF9}
		{C80F3BDA-41EF-4AE1-9589-229418E8362F} = {4EB95D29-77B7-4245-A7F8-617E7CC6DF38}
		{FEF3A46B-E467-478D-9AE0-7B4324C43303} = {FA8B403E-30A9-4013-8539-417432605AF9}
		{78677536-7165-479A-85A3-F01271075C9B} = {20F16643-1E54-432C-B755-A1D6760905D0}
		{CDE6A9C1-F48C-4378-ABA3-E152E276EB8B} = {20F16643-1E54-432C-B755-A1D6760905D0}
	EndGlobalSection
EndGlobal
